
Microsoft Visual Studio Solution File, Format Version 12.00
# Visual Studio Version 17
VisualStudioVersion = 17.14.36429.23 d17.14
MinimumVisualStudioVersion = 10.0.40219.1
Project("{FAE04EC0-301F-11D3-BF4B-00C04F79EFBC}") = "Core_Project", "Core_Project\Core_Project.csproj", "{316150A4-1A31-4E89-864E-C3D308679AB3}"
EndProject
Project("{FAE04EC0-301F-11D3-BF4B-00C04F79EFBC}") = "BusinessLayer", "BusinessLayer\BusinessLayer.csproj", "{5487462C-7C27-4BD8-939C-573727C741A6}"
EndProject
Project("{FAE04EC0-301F-11D3-BF4B-00C04F79EFBC}") = "DataAccessLayer", "DataAccessLayer\DataAccessLayer.csproj", "{B532C938-2325-47CC-94E1-910E5D365609}"
EndProject
Project("{FAE04EC0-301F-11D3-BF4B-00C04F79EFBC}") = "EntityLayer", "EntityLayer\EntityLayer.csproj", "{700228E5-F157-4FBA-AEB3-0C5A523BB561}"
EndProject
Global
	GlobalSection(SolutionConfigurationPlatforms) = preSolution
		Debug|Any CPU = Debug|Any CPU
		Release|Any CPU = Release|Any CPU
	EndGlobalSection
	GlobalSection(ProjectConfigurationPlatforms) = postSolution
		{316150A4-1A31-4E89-864E-C3D308679AB3}.Debug|Any CPU.ActiveCfg = Debug|Any CPU
		{316150A4-1A31-4E89-864E-C3D308679AB3}.Debug|Any CPU.Build.0 = Debug|Any CPU
		{316150A4-1A31-4E89-864E-C3D308679AB3}.Release|Any CPU.ActiveCfg = Release|Any CPU
		{316150A4-1A31-4E89-864E-C3D308679AB3}.Release|Any CPU.Build.0 = Release|Any CPU
		{5487462C-7C27-4BD8-939C-573727C741A6}.Debug|Any CPU.ActiveCfg = Debug|Any CPU
		{5487462C-7C27-4BD8-939C-573727C741A6}.Debug|Any CPU.Build.0 = Debug|Any CPU
		{5487462C-7C27-4BD8-939C-573727C741A6}.Release|Any CPU.ActiveCfg = Release|Any CPU
		{5487462C-7C27-4BD8-939C-573727C741A6}.Release|Any CPU.Build.0 = Release|Any CPU
		{B532C938-2325-47CC-94E1-910E5D365609}.Debug|Any CPU.ActiveCfg = Debug|Any CPU
		{B532C938-2325-47CC-94E1-910E5D365609}.Debug|Any CPU.Build.0 = Debug|Any CPU
		{B532C938-2325-47CC-94E1-910E5D365609}.Release|Any CPU.ActiveCfg = Release|Any CPU
		{B532C938-2325-47CC-94E1-910E5D365609}.Release|Any CPU.Build.0 = Release|Any CPU
		{700228E5-F157-4FBA-AEB3-0C5A523BB561}.Debug|Any CPU.ActiveCfg = Debug|Any CPU
		{700228E5-F157-4FBA-AEB3-0C5A523BB561}.Debug|Any CPU.Build.0 = Debug|Any CPU
		{700228E5-F157-4FBA-AEB3-0C5A523BB561}.Release|Any CPU.ActiveCfg = Release|Any CPU
		{700228E5-F157-4FBA-AEB3-0C5A523BB561}.Release|Any CPU.Build.0 = Release|Any CPU
	EndGlobalSection
	GlobalSection(SolutionProperties) = preSolution
		HideSolutionNode = FALSE
	EndGlobalSection
	GlobalSection(ExtensibilityGlobals) = postSolution
		SolutionGuid = {14AD4ACE-7A39-4C6C-872D-7D239A267182}
	EndGlobalSection
EndGlobal
